
Microsoft Visual Studio Solution File, Format Version 12.00
# Visual Studio Version 17
VisualStudioVersion = 17.14.36414.22
MinimumVisualStudioVersion = 10.0.40219.1
Project("{FAE04EC0-301F-11D3-BF4B-00C04F79EFBC}") = "MGBeautySpaWebAplication", "MGBeautySpaWebAplication\MGBeautySpaWebAplication.csproj", "{6514FD14-3789-4525-A1BA-969D69D148A4}"
EndProject
Global
	GlobalSection(SolutionConfigurationPlatforms) = preSolution
		Debug|Any CPU = Debug|Any CPU
		Release|Any CPU = Release|Any CPU
	EndGlobalSection
	GlobalSection(ProjectConfigurationPlatforms) = postSolution
		{6514FD14-3789-4525-A1BA-969D69D148A4}.Debug|Any CPU.ActiveCfg = Debug|Any CPU
		{6514FD14-3789-4525-A1BA-969D69D148A4}.Debug|Any CPU.Build.0 = Debug|Any CPU
		{6514FD14-3789-4525-A1BA-969D69D148A4}.Release|Any CPU.ActiveCfg = Release|Any CPU
		{6514FD14-3789-4525-A1BA-969D69D148A4}.Release|Any CPU.Build.0 = Release|Any CPU
	EndGlobalSection
	GlobalSection(SolutionProperties) = preSolution
		HideSolutionNode = FALSE
	EndGlobalSection
	GlobalSection(ExtensibilityGlobals) = postSolution
		SolutionGuid = {4B174C8C-4A4F-45C8-999D-42044DB0897F}
	EndGlobalSection
EndGlobal
